
Microsoft Visual Studio Solution File, Format Version 12.00
# Visual Studio 15
VisualStudioVersion = 15.0.27428.2015
MinimumVisualStudioVersion = 10.0.40219.1
Project("{FAE04EC0-301F-11D3-BF4B-00C04F79EFBC}") = "MyShop.Core", "MyShop.Core\MyShop.Core.csproj", "{8BCA7AD3-61A2-4CC6-9ED8-B0016D166AEE}"
EndProject
Project("{FAE04EC0-301F-11D3-BF4B-00C04F79EFBC}") = "MyShop.Services", "MyShop.Services\MyShop.Services.csproj", "{6A1EA3F2-DDFA-4A9C-BC2F-0ABD33323C79}"
EndProject
Project("{FAE04EC0-301F-11D3-BF4B-00C04F79EFBC}") = "MyShop.DataAccess.SQL", "MyShopDataAccess.SQL\MyShop.DataAccess.SQL.csproj", "{9349C1F6-D92D-437A-8C26-A9F826BBD35C}"
EndProject
Project("{FAE04EC0-301F-11D3-BF4B-00C04F79EFBC}") = "Myshop.Data.InMemory", "Myshop.Data.InMemory\Myshop.Data.InMemory.csproj", "{26A04F4A-F3AB-4002-AC72-7BCEE544C0D2}"
EndProject
Project("{FAE04EC0-301F-11D3-BF4B-00C04F79EFBC}") = "MyShop.WebUI", "MyShop.WebUI\MyShop.WebUI.csproj", "{0833CC0B-CD49-41F8-9CAA-CD9A4D93E257}"
EndProject
Project("{FAE04EC0-301F-11D3-BF4B-00C04F79EFBC}") = "MyShop.WebUI.Tests", "MyShop.WebUI.Tests\MyShop.WebUI.Tests.csproj", "{5F503C75-0571-4DA0-8543-CA7A2DFEEC24}"
EndProject
Global
	GlobalSection(SolutionConfigurationPlatforms) = preSolution
		Debug|Any CPU = Debug|Any CPU
		Release|Any CPU = Release|Any CPU
	EndGlobalSection
	GlobalSection(ProjectConfigurationPlatforms) = postSolution
		{8BCA7AD3-61A2-4CC6-9ED8-B0016D166AEE}.Debug|Any CPU.ActiveCfg = Debug|Any CPU
		{8BCA7AD3-61A2-4CC6-9ED8-B0016D166AEE}.Debug|Any CPU.Build.0 = Debug|Any CPU
		{8BCA7AD3-61A2-4CC6-9ED8-B0016D166AEE}.Release|Any CPU.ActiveCfg = Release|Any CPU
		{8BCA7AD3-61A2-4CC6-9ED8-B0016D166AEE}.Release|Any CPU.Build.0 = Release|Any CPU
		{6A1EA3F2-DDFA-4A9C-BC2F-0ABD33323C79}.Debug|Any CPU.ActiveCfg = Debug|Any CPU
		{6A1EA3F2-DDFA-4A9C-BC2F-0ABD33323C79}.Debug|Any CPU.Build.0 = Debug|Any CPU
		{6A1EA3F2-DDFA-4A9C-BC2F-0ABD33323C79}.Release|Any CPU.ActiveCfg = Release|Any CPU
		{6A1EA3F2-DDFA-4A9C-BC2F-0ABD33323C79}.Release|Any CPU.Build.0 = Release|Any CPU
		{9349C1F6-D92D-437A-8C26-A9F826BBD35C}.Debug|Any CPU.ActiveCfg = Debug|Any CPU
		{9349C1F6-D92D-437A-8C26-A9F826BBD35C}.Debug|Any CPU.Build.0 = Debug|Any CPU
		{9349C1F6-D92D-437A-8C26-A9F826BBD35C}.Release|Any CPU.ActiveCfg = Release|Any CPU
		{9349C1F6-D92D-437A-8C26-A9F826BBD35C}.Release|Any CPU.Build.0 = Release|Any CPU
		{26A04F4A-F3AB-4002-AC72-7BCEE544C0D2}.Debug|Any CPU.ActiveCfg = Debug|Any CPU
		{26A04F4A-F3AB-4002-AC72-7BCEE544C0D2}.Debug|Any CPU.Build.0 = Debug|Any CPU
		{26A04F4A-F3AB-4002-AC72-7BCEE544C0D2}.Release|Any CPU.ActiveCfg = Release|Any CPU
		{26A04F4A-F3AB-4002-AC72-7BCEE544C0D2}.Release|Any CPU.Build.0 = Release|Any CPU
		{0833CC0B-CD49-41F8-9CAA-CD9A4D93E257}.Debug|Any CPU.ActiveCfg = Debug|Any CPU
		{0833CC0B-CD49-41F8-9CAA-CD9A4D93E257}.Debug|Any CPU.Build.0 = Debug|Any CPU
		{0833CC0B-CD49-41F8-9CAA-CD9A4D93E257}.Release|Any CPU.ActiveCfg = Release|Any CPU
		{0833CC0B-CD49-41F8-9CAA-CD9A4D93E257}.Release|Any CPU.Build.0 = Release|Any CPU
		{5F503C75-0571-4DA0-8543-CA7A2DFEEC24}.Debug|Any CPU.ActiveCfg = Debug|Any CPU
		{5F503C75-0571-4DA0-8543-CA7A2DFEEC24}.Debug|Any CPU.Build.0 = Debug|Any CPU
		{5F503C75-0571-4DA0-8543-CA7A2DFEEC24}.Release|Any CPU.ActiveCfg = Release|Any CPU
		{5F503C75-0571-4DA0-8543-CA7A2DFEEC24}.Release|Any CPU.Build.0 = Release|Any CPU
	EndGlobalSection
	GlobalSection(SolutionProperties) = preSolution
		HideSolutionNode = FALSE
	EndGlobalSection
	GlobalSection(ExtensibilityGlobals) = postSolution
		SolutionGuid = {426CED15-C2FD-4A34-A570-5854D0B17212}
	EndGlobalSection
EndGlobal
